// !$*UTF8*$!
{
	archiveVersion = 1;
	classes = {
	};
	objectVersion = 50;
	objects = {

/* Begin PBXBuildFile section */
		010B968D22823FA0008E62CE /* AppDelegate.swift in Sources */ = {isa = PBXBuildFile; fileRef = 010B968C22823FA0008E62CE /* AppDelegate.swift */; };
		010B968F22823FA0008E62CE /* ViewController.swift in Sources */ = {isa = PBXBuildFile; fileRef = 010B968E22823FA0008E62CE /* ViewController.swift */; };
		010B969222823FA0008E62CE /* Main.storyboard in Resources */ = {isa = PBXBuildFile; fileRef = 010B969022823FA0008E62CE /* Main.storyboard */; };
		010B969422823FA1008E62CE /* Assets.xcassets in Resources */ = {isa = PBXBuildFile; fileRef = 010B969322823FA1008E62CE /* Assets.xcassets */; };
		010B969722823FA1008E62CE /* LaunchScreen.storyboard in Resources */ = {isa = PBXBuildFile; fileRef = 010B969522823FA1008E62CE /* LaunchScreen.storyboard */; };
		010B96A222823FA1008E62CE /* NutReaderTests.swift in Sources */ = {isa = PBXBuildFile; fileRef = 010B96A122823FA1008E62CE /* NutReaderTests.swift */; };
		010B96AD22823FA1008E62CE /* NutReaderUITests.swift in Sources */ = {isa = PBXBuildFile; fileRef = 010B96AC22823FA1008E62CE /* NutReaderUITests.swift */; };
		010B96C222839F7D008E62CE /* NutCode.swift in Sources */ = {isa = PBXBuildFile; fileRef = 010B96C022839F7D008E62CE /* NutCode.swift */; };
		010B96C322839F7D008E62CE /* Food.swift in Sources */ = {isa = PBXBuildFile; fileRef = 010B96C122839F7D008E62CE /* Food.swift */; };
/* End PBXBuildFile section */

/* Begin PBXContainerItemProxy section */
		010B969E22823FA1008E62CE /* PBXContainerItemProxy */ = {
			isa = PBXContainerItemProxy;
			containerPortal = 010B968122823FA0008E62CE /* Project object */;
			proxyType = 1;
			remoteGlobalIDString = 010B968822823FA0008E62CE;
			remoteInfo = NutReader;
		};
		010B96A922823FA1008E62CE /* PBXContainerItemProxy */ = {
			isa = PBXContainerItemProxy;
			containerPortal = 010B968122823FA0008E62CE /* Project object */;
			proxyType = 1;
			remoteGlobalIDString = 010B968822823FA0008E62CE;
			remoteInfo = NutReader;
		};
/* End PBXContainerItemProxy section */

/* Begin PBXFileReference section */
		010B968922823FA0008E62CE /* NutReader.app */ = {isa = PBXFileReference; explicitFileType = wrapper.application; includeInIndex = 0; path = NutReader.app; sourceTree = BUILT_PRODUCTS_DIR; };
		010B968C22823FA0008E62CE /* AppDelegate.swift */ = {isa = PBXFileReference; lastKnownFileType = sourcecode.swift; path = AppDelegate.swift; sourceTree = "<group>"; };
		010B968E22823FA0008E62CE /* ViewController.swift */ = {isa = PBXFileReference; lastKnownFileType = sourcecode.swift; path = ViewController.swift; sourceTree = "<group>"; };
		010B969122823FA0008E62CE /* Base */ = {isa = PBXFileReference; lastKnownFileType = file.storyboard; name = Base; path = Base.lproj/Main.storyboard; sourceTree = "<group>"; };
		010B969322823FA1008E62CE /* Assets.xcassets */ = {isa = PBXFileReference; lastKnownFileType = folder.assetcatalog; path = Assets.xcassets; sourceTree = "<group>"; };
		010B969622823FA1008E62CE /* Base */ = {isa = PBXFileReference; lastKnownFileType = file.storyboard; name = Base; path = Base.lproj/LaunchScreen.storyboard; sourceTree = "<group>"; };
		010B969822823FA1008E62CE /* Info.plist */ = {isa = PBXFileReference; lastKnownFileType = text.plist.xml; path = Info.plist; sourceTree = "<group>"; };
		010B969D22823FA1008E62CE /* NutReaderTests.xctest */ = {isa = PBXFileReference; explicitFileType = wrapper.cfbundle; includeInIndex = 0; path = NutReaderTests.xctest; sourceTree = BUILT_PRODUCTS_DIR; };
		010B96A122823FA1008E62CE /* NutReaderTests.swift */ = {isa = PBXFileReference; lastKnownFileType = sourcecode.swift; path = NutReaderTests.swift; sourceTree = "<group>"; };
		010B96A322823FA1008E62CE /* Info.plist */ = {isa = PBXFileReference; lastKnownFileType = text.plist.xml; path = Info.plist; sourceTree = "<group>"; };
		010B96A822823FA1008E62CE /* NutReaderUITests.xctest */ = {isa = PBXFileReference; explicitFileType = wrapper.cfbundle; includeInIndex = 0; path = NutReaderUITests.xctest; sourceTree = BUILT_PRODUCTS_DIR; };
		010B96AC22823FA1008E62CE /* NutReaderUITests.swift */ = {isa = PBXFileReference; lastKnownFileType = sourcecode.swift; path = NutReaderUITests.swift; sourceTree = "<group>"; };
		010B96AE22823FA1008E62CE /* Info.plist */ = {isa = PBXFileReference; lastKnownFileType = text.plist.xml; path = Info.plist; sourceTree = "<group>"; };
		010B96C022839F7D008E62CE /* NutCode.swift */ = {isa = PBXFileReference; fileEncoding = 4; lastKnownFileType = sourcecode.swift; path = NutCode.swift; sourceTree = "<group>"; };
		010B96C122839F7D008E62CE /* Food.swift */ = {isa = PBXFileReference; fileEncoding = 4; lastKnownFileType = sourcecode.swift; path = Food.swift; sourceTree = "<group>"; };
/* End PBXFileReference section */

/* Begin PBXFrameworksBuildPhase section */
		010B968622823FA0008E62CE /* Frameworks */ = {
			isa = PBXFrameworksBuildPhase;
			buildActionMask = 2147483647;
			files = (
			);
			runOnlyForDeploymentPostprocessing = 0;
		};
		010B969A22823FA1008E62CE /* Frameworks */ = {
			isa = PBXFrameworksBuildPhase;
			buildActionMask = 2147483647;
			files = (
			);
			runOnlyForDeploymentPostprocessing = 0;
		};
		010B96A522823FA1008E62CE /* Frameworks */ = {
			isa = PBXFrameworksBuildPhase;
			buildActionMask = 2147483647;
			files = (
			);
			runOnlyForDeploymentPostprocessing = 0;
		};
/* End PBXFrameworksBuildPhase section */

/* Begin PBXGroup section */
		010B968022823FA0008E62CE = {
			isa = PBXGroup;
			children = (
				010B968B22823FA0008E62CE /* NutReader */,
				010B96A022823FA1008E62CE /* NutReaderTests */,
				010B96AB22823FA1008E62CE /* NutReaderUITests */,
				010B968A22823FA0008E62CE /* Products */,
			);
			sourceTree = "<group>";
		};
		010B968A22823FA0008E62CE /* Products */ = {
			isa = PBXGroup;
			children = (
				010B968922823FA0008E62CE /* NutReader.app */,
				010B969D22823FA1008E62CE /* NutReaderTests.xctest */,
				010B96A822823FA1008E62CE /* NutReaderUITests.xctest */,
			);
			name = Products;
			sourceTree = "<group>";
		};
		010B968B22823FA0008E62CE /* NutReader */ = {
			isa = PBXGroup;
			children = (
				010B96BF22839F7D008E62CE /* Model */,
				010B968C22823FA0008E62CE /* AppDelegate.swift */,
				010B968E22823FA0008E62CE /* ViewController.swift */,
				010B969022823FA0008E62CE /* Main.storyboard */,
				010B969322823FA1008E62CE /* Assets.xcassets */,
				010B969522823FA1008E62CE /* LaunchScreen.storyboard */,
				010B969822823FA1008E62CE /* Info.plist */,
			);
			path = NutReader;
			sourceTree = "<group>";
		};
		010B96A022823FA1008E62CE /* NutReaderTests */ = {
			isa = PBXGroup;
			children = (
				010B96A122823FA1008E62CE /* NutReaderTests.swift */,
				010B96A322823FA1008E62CE /* Info.plist */,
			);
			path = NutReaderTests;
			sourceTree = "<group>";
		};
		010B96AB22823FA1008E62CE /* NutReaderUITests */ = {
			isa = PBXGroup;
			children = (
				010B96AC22823FA1008E62CE /* NutReaderUITests.swift */,
				010B96AE22823FA1008E62CE /* Info.plist */,
			);
			path = NutReaderUITests;
			sourceTree = "<group>";
		};
		010B96BF22839F7D008E62CE /* Model */ = {
			isa = PBXGroup;
			children = (
				010B96C022839F7D008E62CE /* NutCode.swift */,
				010B96C122839F7D008E62CE /* Food.swift */,
			);
			path = Model;
			sourceTree = "<group>";
		};
/* End PBXGroup section */

/* Begin PBXNativeTarget section */
		010B968822823FA0008E62CE /* NutReader */ = {
			isa = PBXNativeTarget;
			buildConfigurationList = 010B96B122823FA2008E62CE /* Build configuration list for PBXNativeTarget "NutReader" */;
			buildPhases = (
				010B968522823FA0008E62CE /* Sources */,
				010B968622823FA0008E62CE /* Frameworks */,
				010B968722823FA0008E62CE /* Resources */,
			);
			buildRules = (
			);
			dependencies = (
			);
			name = NutReader;
			productName = NutReader;
			productReference = 010B968922823FA0008E62CE /* NutReader.app */;
			productType = "com.apple.product-type.application";
		};
		010B969C22823FA1008E62CE /* NutReaderTests */ = {
			isa = PBXNativeTarget;
			buildConfigurationList = 010B96B422823FA2008E62CE /* Build configuration list for PBXNativeTarget "NutReaderTests" */;
			buildPhases = (
				010B969922823FA1008E62CE /* Sources */,
				010B969A22823FA1008E62CE /* Frameworks */,
				010B969B22823FA1008E62CE /* Resources */,
			);
			buildRules = (
			);
			dependencies = (
				010B969F22823FA1008E62CE /* PBXTargetDependency */,
			);
			name = NutReaderTests;
			productName = NutReaderTests;
			productReference = 010B969D22823FA1008E62CE /* NutReaderTests.xctest */;
			productType = "com.apple.product-type.bundle.unit-test";
		};
		010B96A722823FA1008E62CE /* NutReaderUITests */ = {
			isa = PBXNativeTarget;
			buildConfigurationList = 010B96B722823FA2008E62CE /* Build configuration list for PBXNativeTarget "NutReaderUITests" */;
			buildPhases = (
				010B96A422823FA1008E62CE /* Sources */,
				010B96A522823FA1008E62CE /* Frameworks */,
				010B96A622823FA1008E62CE /* Resources */,
			);
			buildRules = (
			);
			dependencies = (
				010B96AA22823FA1008E62CE /* PBXTargetDependency */,
			);
			name = NutReaderUITests;
			productName = NutReaderUITests;
			productReference = 010B96A822823FA1008E62CE /* NutReaderUITests.xctest */;
			productType = "com.apple.product-type.bundle.ui-testing";
		};
/* End PBXNativeTarget section */

/* Begin PBXProject section */
		010B968122823FA0008E62CE /* Project object */ = {
			isa = PBXProject;
			attributes = {
				LastSwiftUpdateCheck = 1020;
				LastUpgradeCheck = 1020;
				ORGANIZATIONNAME = "Nut Codes";
				TargetAttributes = {
					010B968822823FA0008E62CE = {
						CreatedOnToolsVersion = 10.2.1;
					};
					010B969C22823FA1008E62CE = {
						CreatedOnToolsVersion = 10.2.1;
						TestTargetID = 010B968822823FA0008E62CE;
					};
					010B96A722823FA1008E62CE = {
						CreatedOnToolsVersion = 10.2.1;
						TestTargetID = 010B968822823FA0008E62CE;
					};
				};
			};
			buildConfigurationList = 010B968422823FA0008E62CE /* Build configuration list for PBXProject "NutReader" */;
			compatibilityVersion = "Xcode 9.3";
			developmentRegion = en;
			hasScannedForEncodings = 0;
			knownRegions = (
				en,
				Base,
			);
			mainGroup = 010B968022823FA0008E62CE;
			productRefGroup = 010B968A22823FA0008E62CE /* Products */;
			projectDirPath = "";
			projectRoot = "";
			targets = (
				010B968822823FA0008E62CE /* NutReader */,
				010B969C22823FA1008E62CE /* NutReaderTests */,
				010B96A722823FA1008E62CE /* NutReaderUITests */,
			);
		};
/* End PBXProject section */

/* Begin PBXResourcesBuildPhase section */
		010B968722823FA0008E62CE /* Resources */ = {
			isa = PBXResourcesBuildPhase;
			buildActionMask = 2147483647;
			files = (
				010B969722823FA1008E62CE /* LaunchScreen.storyboard in Resources */,
				010B969422823FA1008E62CE /* Assets.xcassets in Resources */,
				010B969222823FA0008E62CE /* Main.storyboard in Resources */,
			);
			runOnlyForDeploymentPostprocessing = 0;
		};
		010B969B22823FA1008E62CE /* Resources */ = {
			isa = PBXResourcesBuildPhase;
			buildActionMask = 2147483647;
			files = (
			);
			runOnlyForDeploymentPostprocessing = 0;
		};
		010B96A622823FA1008E62CE /* Resources */ = {
			isa = PBXResourcesBuildPhase;
			buildActionMask = 2147483647;
			files = (
			);
			runOnlyForDeploymentPostprocessing = 0;
		};
/* End PBXResourcesBuildPhase section */

/* Begin PBXSourcesBuildPhase section */
		010B968522823FA0008E62CE /* Sources */ = {
			isa = PBXSourcesBuildPhase;
			buildActionMask = 2147483647;
			files = (
				010B968F22823FA0008E62CE /* ViewController.swift in Sources */,
				010B96C322839F7D008E62CE /* Food.swift in Sources */,
				010B968D22823FA0008E62CE /* AppDelegate.swift in Sources */,
				010B96C222839F7D008E62CE /* NutCode.swift in Sources */,
			);
			runOnlyForDeploymentPostprocessing = 0;
		};
		010B969922823FA1008E62CE /* Sources */ = {
			isa = PBXSourcesBuildPhase;
			buildActionMask = 2147483647;
			files = (
				010B96A222823FA1008E62CE /* NutReaderTests.swift in Sources */,
			);
			runOnlyForDeploymentPostprocessing = 0;
		};
		010B96A422823FA1008E62CE /* Sources */ = {
			isa = PBXSourcesBuildPhase;
			buildActionMask = 2147483647;
			files = (
				010B96AD22823FA1008E62CE /* NutReaderUITests.swift in Sources */,
			);
			runOnlyForDeploymentPostprocessing = 0;
		};
/* End PBXSourcesBuildPhase section */

/* Begin PBXTargetDependency section */
		010B969F22823FA1008E62CE /* PBXTargetDependency */ = {
			isa = PBXTargetDependency;
			target = 010B968822823FA0008E62CE /* NutReader */;
			targetProxy = 010B969E22823FA1008E62CE /* PBXContainerItemProxy */;
		};
		010B96AA22823FA1008E62CE /* PBXTargetDependency */ = {
			isa = PBXTargetDependency;
			target = 010B968822823FA0008E62CE /* NutReader */;
			targetProxy = 010B96A922823FA1008E62CE /* PBXContainerItemProxy */;
		};
/* End PBXTargetDependency section */

/* Begin PBXVariantGroup section */
		010B969022823FA0008E62CE /* Main.storyboard */ = {
			isa = PBXVariantGroup;
			children = (
				010B969122823FA0008E62CE /* Base */,
			);
			name = Main.storyboard;
			sourceTree = "<group>";
		};
		010B969522823FA1008E62CE /* LaunchScreen.storyboard */ = {
			isa = PBXVariantGroup;
			children = (
				010B969622823FA1008E62CE /* Base */,
			);
			name = LaunchScreen.storyboard;
			sourceTree = "<group>";
		};
/* End PBXVariantGroup section */

/* Begin XCBuildConfiguration section */
		010B96AF22823FA2008E62CE /* Debug */ = {
			isa = XCBuildConfiguration;
			buildSettings = {
				ALWAYS_SEARCH_USER_PATHS = NO;
				CLANG_ANALYZER_NONNULL = YES;
				CLANG_ANALYZER_NUMBER_OBJECT_CONVERSION = YES_AGGRESSIVE;
				CLANG_CXX_LANGUAGE_STANDARD = "gnu++14";
				CLANG_CXX_LIBRARY = "libc++";
				CLANG_ENABLE_MODULES = YES;
				CLANG_ENABLE_OBJC_ARC = YES;
				CLANG_ENABLE_OBJC_WEAK = YES;
				CLANG_WARN_BLOCK_CAPTURE_AUTORELEASING = YES;
				CLANG_WARN_BOOL_CONVERSION = YES;
				CLANG_WARN_COMMA = YES;
				CLANG_WARN_CONSTANT_CONVERSION = YES;
				CLANG_WARN_DEPRECATED_OBJC_IMPLEMENTATIONS = YES;
				CLANG_WARN_DIRECT_OBJC_ISA_USAGE = YES_ERROR;
				CLANG_WARN_DOCUMENTATION_COMMENTS = YES;
				CLANG_WARN_EMPTY_BODY = YES;
				CLANG_WARN_ENUM_CONVERSION = YES;
				CLANG_WARN_INFINITE_RECURSION = YES;
				CLANG_WARN_INT_CONVERSION = YES;
				CLANG_WARN_NON_LITERAL_NULL_CONVERSION = YES;
				CLANG_WARN_OBJC_IMPLICIT_RETAIN_SELF = YES;
				CLANG_WARN_OBJC_LITERAL_CONVERSION = YES;
				CLANG_WARN_OBJC_ROOT_CLASS = YES_ERROR;
				CLANG_WARN_RANGE_LOOP_ANALYSIS = YES;
				CLANG_WARN_STRICT_PROTOTYPES = YES;
				CLANG_WARN_SUSPICIOUS_MOVE = YES;
				CLANG_WARN_UNGUARDED_AVAILABILITY = YES_AGGRESSIVE;
				CLANG_WARN_UNREACHABLE_CODE = YES;
				CLANG_WARN__DUPLICATE_METHOD_MATCH = YES;
				CODE_SIGN_IDENTITY = "iPhone Developer";
				COPY_PHASE_STRIP = NO;
				DEBUG_INFORMATION_FORMAT = dwarf;
				ENABLE_STRICT_OBJC_MSGSEND = YES;
				ENABLE_TESTABILITY = YES;
				GCC_C_LANGUAGE_STANDARD = gnu11;
				GCC_DYNAMIC_NO_PIC = NO;
				GCC_NO_COMMON_BLOCKS = YES;
				GCC_OPTIMIZATION_LEVEL = 0;
				GCC_PREPROCESSOR_DEFINITIONS = (
					"DEBUG=1",
					"$(inherited)",
				);
				GCC_WARN_64_TO_32_BIT_CONVERSION = YES;
				GCC_WARN_ABOUT_RETURN_TYPE = YES_ERROR;
				GCC_WARN_UNDECLARED_SELECTOR = YES;
				GCC_WARN_UNINITIALIZED_AUTOS = YES_AGGRESSIVE;
				GCC_WARN_UNUSED_FUNCTION = YES;
				GCC_WARN_UNUSED_VARIABLE = YES;
				IPHONEOS_DEPLOYMENT_TARGET = 12.2;
				MTL_ENABLE_DEBUG_INFO = INCLUDE_SOURCE;
				MTL_FAST_MATH = YES;
				ONLY_ACTIVE_ARCH = YES;
				SDKROOT = iphoneos;
				SWIFT_ACTIVE_COMPILATION_CONDITIONS = DEBUG;
				SWIFT_OPTIMIZATION_LEVEL = "-Onone";
			};
			name = Debug;
		};
		010B96B022823FA2008E62CE /* Release */ = {
			isa = XCBuildConfiguration;
			buildSettings = {
				ALWAYS_SEARCH_USER_PATHS = NO;
				CLANG_ANALYZER_NONNULL = YES;
				CLANG_ANALYZER_NUMBER_OBJECT_CONVERSION = YES_AGGRESSIVE;
				CLANG_CXX_LANGUAGE_STANDARD = "gnu++14";
				CLANG_CXX_LIBRARY = "libc++";
				CLANG_ENABLE_MODULES = YES;
				CLANG_ENABLE_OBJC_ARC = YES;
				CLANG_ENABLE_OBJC_WEAK = YES;
				CLANG_WARN_BLOCK_CAPTURE_AUTORELEASING = YES;
				CLANG_WARN_BOOL_CONVERSION = YES;
				CLANG_WARN_COMMA = YES;
				CLANG_WARN_CONSTANT_CONVERSION = YES;
				CLANG_WARN_DEPRECATED_OBJC_IMPLEMENTATIONS = YES;
				CLANG_WARN_DIRECT_OBJC_ISA_USAGE = YES_ERROR;
				CLANG_WARN_DOCUMENTATION_COMMENTS = YES;
				CLANG_WARN_EMPTY_BODY = YES;
				CLANG_WARN_ENUM_CONVERSION = YES;
				CLANG_WARN_INFINITE_RECURSION = YES;
				CLANG_WARN_INT_CONVERSION = YES;
				CLANG_WARN_NON_LITERAL_NULL_CONVERSION = YES;
				CLANG_WARN_OBJC_IMPLICIT_RETAIN_SELF = YES;
				CLANG_WARN_OBJC_LITERAL_CONVERSION = YES;
				CLANG_WARN_OBJC_ROOT_CLASS = YES_ERROR;
				CLANG_WARN_RANGE_LOOP_ANALYSIS = YES;
				CLANG_WARN_STRICT_PROTOTYPES = YES;
				CLANG_WARN_SUSPICIOUS_MOVE = YES;
				CLANG_WARN_UNGUARDED_AVAILABILITY = YES_AGGRESSIVE;
				CLANG_WARN_UNREACHABLE_CODE = YES;
				CLANG_WARN__DUPLICATE_METHOD_MATCH = YES;
				CODE_SIGN_IDENTITY = "iPhone Developer";
				COPY_PHASE_STRIP = NO;
				DEBUG_INFORMATION_FORMAT = "dwarf-with-dsym";
				ENABLE_NS_ASSERTIONS = NO;
				ENABLE_STRICT_OBJC_MSGSEND = YES;
				GCC_C_LANGUAGE_STANDARD = gnu11;
				GCC_NO_COMMON_BLOCKS = YES;
				GCC_WARN_64_TO_32_BIT_CONVERSION = YES;
				GCC_WARN_ABOUT_RETURN_TYPE = YES_ERROR;
				GCC_WARN_UNDECLARED_SELECTOR = YES;
				GCC_WARN_UNINITIALIZED_AUTOS = YES_AGGRESSIVE;
				GCC_WARN_UNUSED_FUNCTION = YES;
				GCC_WARN_UNUSED_VARIABLE = YES;
				IPHONEOS_DEPLOYMENT_TARGET = 12.2;
				MTL_ENABLE_DEBUG_INFO = NO;
				MTL_FAST_MATH = YES;
				SDKROOT = iphoneos;
				SWIFT_COMPILATION_MODE = wholemodule;
				SWIFT_OPTIMIZATION_LEVEL = "-O";
				VALIDATE_PRODUCT = YES;
			};
			name = Release;
		};
		010B96B222823FA2008E62CE /* Debug */ = {
			isa = XCBuildConfiguration;
			buildSettings = {
				ASSETCATALOG_COMPILER_APPICON_NAME = AppIcon;
				CODE_SIGN_STYLE = Automatic;
				DEVELOPMENT_TEAM = LYYJW5Z39E;
				INFOPLIST_FILE = NutReader/Info.plist;
				LD_RUNPATH_SEARCH_PATHS = (
					"$(inherited)",
					"@executable_path/Frameworks",
				);
				PRODUCT_BUNDLE_IDENTIFIER = codes.nut.NutReader;
				PRODUCT_NAME = "$(TARGET_NAME)";
				SWIFT_VERSION = 5.0;
				TARGETED_DEVICE_FAMILY = "1,2";
			};
			name = Debug;
		};
		010B96B322823FA2008E62CE /* Release */ = {
			isa = XCBuildConfiguration;
			buildSettings = {
				ASSETCATALOG_COMPILER_APPICON_NAME = AppIcon;
				CODE_SIGN_STYLE = Automatic;
				DEVELOPMENT_TEAM = LYYJW5Z39E;
				INFOPLIST_FILE = NutReader/Info.plist;
				LD_RUNPATH_SEARCH_PATHS = (
					"$(inherited)",
					"@executable_path/Frameworks",
				);
				PRODUCT_BUNDLE_IDENTIFIER = codes.nut.NutReader;
				PRODUCT_NAME = "$(TARGET_NAME)";
				SWIFT_VERSION = 5.0;
				TARGETED_DEVICE_FAMILY = "1,2";
			};
			name = Release;
		};
		010B96B522823FA2008E62CE /* Debug */ = {
			isa = XCBuildConfiguration;
			buildSettings = {
				ALWAYS_EMBED_SWIFT_STANDARD_LIBRARIES = YES;
				BUNDLE_LOADER = "$(TEST_HOST)";
				CODE_SIGN_STYLE = Automatic;
				DEVELOPMENT_TEAM = LYYJW5Z39E;
				INFOPLIST_FILE = NutReaderTests/Info.plist;
				LD_RUNPATH_SEARCH_PATHS = (
					"$(inherited)",
					"@executable_path/Frameworks",
					"@loader_path/Frameworks",
				);
				PRODUCT_BUNDLE_IDENTIFIER = codes.nut.NutReaderTests;
				PRODUCT_NAME = "$(TARGET_NAME)";
				SWIFT_VERSION = 5.0;
				TARGETED_DEVICE_FAMILY = "1,2";
				TEST_HOST = "$(BUILT_PRODUCTS_DIR)/NutReader.app/NutReader";
			};
			name = Debug;
		};
		010B96B622823FA2008E62CE /* Release */ = {
			isa = XCBuildConfiguration;
			buildSettings = {
				ALWAYS_EMBED_SWIFT_STANDARD_LIBRARIES = YES;
				BUNDLE_LOADER = "$(TEST_HOST)";
				CODE_SIGN_STYLE = Automatic;
				DEVELOPMENT_TEAM = LYYJW5Z39E;
				INFOPLIST_FILE = NutReaderTests/Info.plist;
				LD_RUNPATH_SEARCH_PATHS = (
					"$(inherited)",
					"@executable_path/Frameworks",
					"@loader_path/Frameworks",
				);
				PRODUCT_BUNDLE_IDENTIFIER = codes.nut.NutReaderTests;
				PRODUCT_NAME = "$(TARGET_NAME)";
				SWIFT_VERSION = 5.0;
				TARGETED_DEVICE_FAMILY = "1,2";
				TEST_HOST = "$(BUILT_PRODUCTS_DIR)/NutReader.app/NutReader";
			};
			name = Release;
		};
		010B96B822823FA2008E62CE /* Debug */ = {
			isa = XCBuildConfiguration;
			buildSettings = {
				ALWAYS_EMBED_SWIFT_STANDARD_LIBRARIES = YES;
				CODE_SIGN_STYLE = Automatic;
				DEVELOPMENT_TEAM = LYYJW5Z39E;
				INFOPLIST_FILE = NutReaderUITests/Info.plist;
				LD_RUNPATH_SEARCH_PATHS = (
					"$(inherited)",
					"@executable_path/Frameworks",
					"@loader_path/Frameworks",
				);
				PRODUCT_BUNDLE_IDENTIFIER = codes.nut.NutReaderUITests;
				PRODUCT_NAME = "$(TARGET_NAME)";
				SWIFT_VERSION = 5.0;
				TARGETED_DEVICE_FAMILY = "1,2";
				TEST_TARGET_NAME = NutReader;
			};
			name = Debug;
		};
		010B96B922823FA2008E62CE /* Release */ = {
			isa = XCBuildConfiguration;
			buildSettings = {
				ALWAYS_EMBED_SWIFT_STANDARD_LIBRARIES = YES;
				CODE_SIGN_STYLE = Automatic;
				DEVELOPMENT_TEAM = LYYJW5Z39E;
				INFOPLIST_FILE = NutReaderUITests/Info.plist;
				LD_RUNPATH_SEARCH_PATHS = (
					"$(inherited)",
					"@executable_path/Frameworks",
					"@loader_path/Frameworks",
				);
				PRODUCT_BUNDLE_IDENTIFIER = codes.nut.NutReaderUITests;
				PRODUCT_NAME = "$(TARGET_NAME)";
				SWIFT_VERSION = 5.0;
				TARGETED_DEVICE_FAMILY = "1,2";
				TEST_TARGET_NAME = NutReader;
			};
			name = Release;
		};
/* End XCBuildConfiguration section */

/* Begin XCConfigurationList section */
		010B968422823FA0008E62CE /* Build configuration list for PBXProject "NutReader" */ = {
			isa = XCConfigurationList;
			buildConfigurations = (
				010B96AF22823FA2008E62CE /* Debug */,
				010B96B022823FA2008E62CE /* Release */,
			);
			defaultConfigurationIsVisible = 0;
			defaultConfigurationName = Release;
		};
		010B96B122823FA2008E62CE /* Build configuration list for PBXNativeTarget "NutReader" */ = {
			isa = XCConfigurationList;
			buildConfigurations = (
				010B96B222823FA2008E62CE /* Debug */,
				010B96B322823FA2008E62CE /* Release */,
			);
			defaultConfigurationIsVisible = 0;
			defaultConfigurationName = Release;
		};
		010B96B422823FA2008E62CE /* Build configuration list for PBXNativeTarget "NutReaderTests" */ = {
			isa = XCConfigurationList;
			buildConfigurations = (
				010B96B522823FA2008E62CE /* Debug */,
				010B96B622823FA2008E62CE /* Release */,
			);
			defaultConfigurationIsVisible = 0;
			defaultConfigurationName = Release;
		};
		010B96B722823FA2008E62CE /* Build configuration list for PBXNativeTarget "NutReaderUITests" */ = {
			isa = XCConfigurationList;
			buildConfigurations = (
				010B96B822823FA2008E62CE /* Debug */,
				010B96B922823FA2008E62CE /* Release */,
			);
			defaultConfigurationIsVisible = 0;
			defaultConfigurationName = Release;
		};
/* End XCConfigurationList section */
	};
	rootObject = 010B968122823FA0008E62CE /* Project object */;
}
